
Microsoft Visual Studio Solution File, Format Version 12.00
# Visual Studio Version 16
VisualStudioVersion = 16.0.30611.23
MinimumVisualStudioVersion = 10.0.40219.1
Project("{FAE04EC0-301F-11D3-BF4B-00C04F79EFBC}") = "MandelbrotSet", "MandelbrotSet\MandelbrotSet.csproj", "{4C779C6F-D52B-4E17-8AB6-A29A38874611}"
EndProject
Global
	GlobalSection(SolutionConfigurationPlatforms) = preSolution
		Debug|Any CPU = Debug|Any CPU
		Release|Any CPU = Release|Any CPU
	EndGlobalSection
	GlobalSection(ProjectConfigurationPlatforms) = postSolution
		{4C779C6F-D52B-4E17-8AB6-A29A38874611}.Debug|Any CPU.ActiveCfg = Debug|Any CPU
		{4C779C6F-D52B-4E17-8AB6-A29A38874611}.Debug|Any CPU.Build.0 = Debug|Any CPU
		{4C779C6F-D52B-4E17-8AB6-A29A38874611}.Release|Any CPU.ActiveCfg = Release|Any CPU
		{4C779C6F-D52B-4E17-8AB6-A29A38874611}.Release|Any CPU.Build.0 = Release|Any CPU
	EndGlobalSection
	GlobalSection(SolutionProperties) = preSolution
		HideSolutionNode = FALSE
	EndGlobalSection
	GlobalSection(ExtensibilityGlobals) = postSolution
		SolutionGuid = {B308ADD1-62BD-4963-B702-EFBDC0B8717B}
	EndGlobalSection
EndGlobal
